{
  "name": "secretvaults",
  "version": "0.0.0-alpha.2",
  "lockfileVersion": 3,
  "requires": true,
  "packages": {
    "": {
      "name": "secretvaults",
      "version": "0.0.0-alpha.2",
      "license": "MIT",
      "dependencies": {
        "@nillion/nilql": "^0.0.0-alpha.14",
        "did-jwt": "^8.0.6",
        "dotenv": "^16.4.7",
        "uuid": "^11.0.5"
      },
      "devDependencies": {
        "@biomejs/biome": "1.9.4",
        "@types/node": "^22.14.0",
        "lefthook": "^1.11.11",
        "typescript": "^5.8.2"
      }
    },
    "node_modules/@biomejs/biome": {
      "version": "1.9.4",
      "resolved": "https://registry.npmjs.org/@biomejs/biome/-/biome-1.9.4.tgz",
      "integrity": "sha512-1rkd7G70+o9KkTn5KLmDYXihGoTaIGO9PIIN2ZB7UJxFrWw04CZHPYiMRjYsaDvVV7hP1dYNRLxSANLaBFGpog==",
      "dev": true,
      "hasInstallScript": true,
      "bin": {
        "biome": "bin/biome"
      },
      "engines": {
        "node": ">=14.21.3"
      },
      "funding": {
        "type": "opencollective",
        "url": "https://opencollective.com/biome"
      },
      "optionalDependencies": {
        "@biomejs/cli-darwin-arm64": "1.9.4",
        "@biomejs/cli-darwin-x64": "1.9.4",
        "@biomejs/cli-linux-arm64": "1.9.4",
        "@biomejs/cli-linux-arm64-musl": "1.9.4",
        "@biomejs/cli-linux-x64": "1.9.4",
        "@biomejs/cli-linux-x64-musl": "1.9.4",
        "@biomejs/cli-win32-arm64": "1.9.4",
        "@biomejs/cli-win32-x64": "1.9.4"
      }
    },
    "node_modules/@biomejs/cli-darwin-arm64": {
      "version": "1.9.4",
      "resolved": "https://registry.npmjs.org/@biomejs/cli-darwin-arm64/-/cli-darwin-arm64-1.9.4.tgz",
      "integrity": "sha512-bFBsPWrNvkdKrNCYeAp+xo2HecOGPAy9WyNyB/jKnnedgzl4W4Hb9ZMzYNbf8dMCGmUdSavlYHiR01QaYR58cw==",
      "cpu": [
        "arm64"
      ],
      "dev": true,
      "optional": true,
      "os": [
        "darwin"
      ],
      "engines": {
        "node": ">=14.21.3"
      }
    },
    "node_modules/@biomejs/cli-darwin-x64": {
      "version": "1.9.4",
      "resolved": "https://registry.npmjs.org/@biomejs/cli-darwin-x64/-/cli-darwin-x64-1.9.4.tgz",
      "integrity": "sha512-ngYBh/+bEedqkSevPVhLP4QfVPCpb+4BBe2p7Xs32dBgs7rh9nY2AIYUL6BgLw1JVXV8GlpKmb/hNiuIxfPfZg==",
      "cpu": [
        "x64"
      ],
      "dev": true,
      "optional": true,
      "os": [
        "darwin"
      ],
      "engines": {
        "node": ">=14.21.3"
      }
    },
    "node_modules/@biomejs/cli-linux-arm64": {
      "version": "1.9.4",
      "resolved": "https://registry.npmjs.org/@biomejs/cli-linux-arm64/-/cli-linux-arm64-1.9.4.tgz",
      "integrity": "sha512-fJIW0+LYujdjUgJJuwesP4EjIBl/N/TcOX3IvIHJQNsAqvV2CHIogsmA94BPG6jZATS4Hi+xv4SkBBQSt1N4/g==",
      "cpu": [
        "arm64"
      ],
      "dev": true,
      "optional": true,
      "os": [
        "linux"
      ],
      "engines": {
        "node": ">=14.21.3"
      }
    },
    "node_modules/@biomejs/cli-linux-arm64-musl": {
      "version": "1.9.4",
      "resolved": "https://registry.npmjs.org/@biomejs/cli-linux-arm64-musl/-/cli-linux-arm64-musl-1.9.4.tgz",
      "integrity": "sha512-v665Ct9WCRjGa8+kTr0CzApU0+XXtRgwmzIf1SeKSGAv+2scAlW6JR5PMFo6FzqqZ64Po79cKODKf3/AAmECqA==",
      "cpu": [
        "arm64"
      ],
      "dev": true,
      "optional": true,
      "os": [
        "linux"
      ],
      "engines": {
        "node": ">=14.21.3"
      }
    },
    "node_modules/@biomejs/cli-linux-x64": {
      "version": "1.9.4",
      "resolved": "https://registry.npmjs.org/@biomejs/cli-linux-x64/-/cli-linux-x64-1.9.4.tgz",
      "integrity": "sha512-lRCJv/Vi3Vlwmbd6K+oQ0KhLHMAysN8lXoCI7XeHlxaajk06u7G+UsFSO01NAs5iYuWKmVZjmiOzJ0OJmGsMwg==",
      "cpu": [
        "x64"
      ],
      "dev": true,
      "optional": true,
      "os": [
        "linux"
      ],
      "engines": {
        "node": ">=14.21.3"
      }
    },
    "node_modules/@biomejs/cli-linux-x64-musl": {
      "version": "1.9.4",
      "resolved": "https://registry.npmjs.org/@biomejs/cli-linux-x64-musl/-/cli-linux-x64-musl-1.9.4.tgz",
      "integrity": "sha512-gEhi/jSBhZ2m6wjV530Yy8+fNqG8PAinM3oV7CyO+6c3CEh16Eizm21uHVsyVBEB6RIM8JHIl6AGYCv6Q6Q9Tg==",
      "cpu": [
        "x64"
      ],
      "dev": true,
      "optional": true,
      "os": [
        "linux"
      ],
      "engines": {
        "node": ">=14.21.3"
      }
    },
    "node_modules/@biomejs/cli-win32-arm64": {
      "version": "1.9.4",
      "resolved": "https://registry.npmjs.org/@biomejs/cli-win32-arm64/-/cli-win32-arm64-1.9.4.tgz",
      "integrity": "sha512-tlbhLk+WXZmgwoIKwHIHEBZUwxml7bRJgk0X2sPyNR3S93cdRq6XulAZRQJ17FYGGzWne0fgrXBKpl7l4M87Hg==",
      "cpu": [
        "arm64"
      ],
      "dev": true,
      "optional": true,
      "os": [
        "win32"
      ],
      "engines": {
        "node": ">=14.21.3"
      }
    },
    "node_modules/@biomejs/cli-win32-x64": {
      "version": "1.9.4",
      "resolved": "https://registry.npmjs.org/@biomejs/cli-win32-x64/-/cli-win32-x64-1.9.4.tgz",
      "integrity": "sha512-8Y5wMhVIPaWe6jw2H+KlEm4wP/f7EW3810ZLmDlrEEy5KvBsb9ECEfu/kMWD484ijfQ8+nIi0giMgu9g1UAuuA==",
      "cpu": [
        "x64"
      ],
      "dev": true,
      "optional": true,
      "os": [
        "win32"
      ],
      "engines": {
        "node": ">=14.21.3"
      }
    },
    "node_modules/@multiformats/base-x": {
      "version": "4.0.1",
      "resolved": "https://registry.npmjs.org/@multiformats/base-x/-/base-x-4.0.1.tgz",
      "integrity": "sha512-eMk0b9ReBbV23xXU693TAIrLyeO5iTgBZGSJfpqriG8UkYvr/hC9u9pyMlAakDNHWmbhMZCDs6KQO0jzKD8OTw=="
    },
    "node_modules/@nillion/nilql": {
      "version": "0.0.0-alpha.14",
      "resolved": "https://registry.npmjs.org/@nillion/nilql/-/nilql-0.0.0-alpha.14.tgz",
      "integrity": "sha512-TfldxaYbGuC5tcqb+mpqmcUH+WS2H2vsUhKp5zWpMJ1UFZF7HSKrDAUeXEISVFGyhz3K/V0Vmv7KB7mTqenEdA==",
      "license": "MIT",
      "dependencies": {
        "bigint-crypto-utils": "^3.3.0",
        "libsodium-wrappers-sumo": "^0.7.15",
        "paillier-bigint": "^3.4.3"
      },
      "engines": {
        "node": ">=20"
      }
    },
    "node_modules/@noble/ciphers": {
      "version": "1.3.0",
      "resolved": "https://registry.npmjs.org/@noble/ciphers/-/ciphers-1.3.0.tgz",
      "integrity": "sha512-2I0gnIVPtfnMw9ee9h1dJG7tp81+8Ob3OJb3Mv37rx5L40/b0i7djjCVvGOVqc9AEIQyvyu1i6ypKdFw8R8gQw==",
      "engines": {
        "node": "^14.21.3 || >=16"
      },
      "funding": {
        "url": "https://paulmillr.com/funding/"
      }
    },
    "node_modules/@noble/curves": {
      "version": "1.9.0",
      "resolved": "https://registry.npmjs.org/@noble/curves/-/curves-1.9.0.tgz",
      "integrity": "sha512-7YDlXiNMdO1YZeH6t/kvopHHbIZzlxrCV9WLqCY6QhcXOoXiNCMDqJIglZ9Yjx5+w7Dz30TITFrlTjnRg7sKEg==",
      "dependencies": {
        "@noble/hashes": "1.8.0"
      },
      "engines": {
        "node": "^14.21.3 || >=16"
      },
      "funding": {
        "url": "https://paulmillr.com/funding/"
      }
    },
    "node_modules/@noble/hashes": {
      "version": "1.8.0",
      "resolved": "https://registry.npmjs.org/@noble/hashes/-/hashes-1.8.0.tgz",
      "integrity": "sha512-jCs9ldd7NwzpgXDIf6P3+NrHh9/sD6CQdxHyjQI+h/6rDNo88ypBxxz45UDuZHz9r3tNz7N/VInSVoVdtXEI4A==",
      "engines": {
        "node": "^14.21.3 || >=16"
      },
      "funding": {
        "url": "https://paulmillr.com/funding/"
      }
    },
    "node_modules/@scure/base": {
      "version": "1.2.5",
      "resolved": "https://registry.npmjs.org/@scure/base/-/base-1.2.5.tgz",
      "integrity": "sha512-9rE6EOVeIQzt5TSu4v+K523F8u6DhBsoZWPGKlnCshhlDhy0kJzUX4V+tr2dWmzF1GdekvThABoEQBGBQI7xZw==",
      "funding": {
        "url": "https://paulmillr.com/funding/"
      }
    },
    "node_modules/@types/node": {
      "version": "22.15.3",
      "resolved": "https://registry.npmjs.org/@types/node/-/node-22.15.3.tgz",
      "integrity": "sha512-lX7HFZeHf4QG/J7tBZqrCAXwz9J5RD56Y6MpP0eJkka8p+K0RY/yBTW7CYFJ4VGCclxqOLKmiGP5juQc6MKgcw==",
      "dev": true,
      "dependencies": {
        "undici-types": "~6.21.0"
      }
    },
    "node_modules/bigint-crypto-utils": {
      "version": "3.3.0",
      "resolved": "https://registry.npmjs.org/bigint-crypto-utils/-/bigint-crypto-utils-3.3.0.tgz",
      "integrity": "sha512-jOTSb+drvEDxEq6OuUybOAv/xxoh3cuYRUIPyu8sSHQNKM303UQ2R1DAo45o1AkcIXw6fzbaFI1+xGGdaXs2lg==",
      "engines": {
        "node": ">=14.0.0"
      }
    },
    "node_modules/canonicalize": {
      "version": "2.1.0",
      "resolved": "https://registry.npmjs.org/canonicalize/-/canonicalize-2.1.0.tgz",
      "integrity": "sha512-F705O3xrsUtgt98j7leetNhTWPe+5S72rlL5O4jA1pKqBVQ/dT1O1D6PFxmSXvc0SUOinWS57DKx0I3CHrXJHQ==",
      "bin": {
        "canonicalize": "bin/canonicalize.js"
      }
    },
    "node_modules/did-jwt": {
      "version": "8.0.14",
      "resolved": "https://registry.npmjs.org/did-jwt/-/did-jwt-8.0.14.tgz",
      "integrity": "sha512-qbx8fEHFyIQiFRP6Ink1bIAE85vQW+fvuvkurbTXdeYsgxCyJH2Lei40dexliTPDVPoqG5j+akY6uDNpmJdDpA==",
      "dependencies": {
        "@noble/ciphers": "^1.0.0",
        "@noble/curves": "^1.0.0",
        "@noble/hashes": "^1.3.0",
        "@scure/base": "^1.1.3",
        "canonicalize": "^2.0.0",
        "did-resolver": "^4.1.0",
        "multibase": "^4.0.6",
        "multiformats": "^9.6.2",
        "uint8arrays": "3.1.1"
      }
    },
    "node_modules/did-resolver": {
      "version": "4.1.0",
      "resolved": "https://registry.npmjs.org/did-resolver/-/did-resolver-4.1.0.tgz",
      "integrity": "sha512-S6fWHvCXkZg2IhS4RcVHxwuyVejPR7c+a4Go0xbQ9ps5kILa8viiYQgrM4gfTyeTjJ0ekgJH9gk/BawTpmkbZA=="
    },
    "node_modules/dotenv": {
      "version": "16.5.0",
      "resolved": "https://registry.npmjs.org/dotenv/-/dotenv-16.5.0.tgz",
      "integrity": "sha512-m/C+AwOAr9/W1UOIZUo232ejMNnJAJtYQjUbHoNTBNTJSvqzzDh7vnrei3o3r3m9blf6ZoDkvcw0VmozNRFJxg==",
      "engines": {
        "node": ">=12"
      },
      "funding": {
        "url": "https://dotenvx.com"
      }
    },
    "node_modules/lefthook": {
      "version": "1.11.12",
      "resolved": "https://registry.npmjs.org/lefthook/-/lefthook-1.11.12.tgz",
      "integrity": "sha512-refh8mlcNtwJfmHDH+2mN1KTIVjp1EHlrjzOjfH/hJ4vFQByH2+1KfFDlJLX9V16VESwUNyOGkEZ9cJEF6zNgg==",
      "dev": true,
      "hasInstallScript": true,
      "bin": {
        "lefthook": "bin/index.js"
      },
      "optionalDependencies": {
        "lefthook-darwin-arm64": "1.11.12",
        "lefthook-darwin-x64": "1.11.12",
        "lefthook-freebsd-arm64": "1.11.12",
        "lefthook-freebsd-x64": "1.11.12",
        "lefthook-linux-arm64": "1.11.12",
        "lefthook-linux-x64": "1.11.12",
        "lefthook-openbsd-arm64": "1.11.12",
        "lefthook-openbsd-x64": "1.11.12",
        "lefthook-windows-arm64": "1.11.12",
        "lefthook-windows-x64": "1.11.12"
      }
    },
    "node_modules/lefthook-darwin-arm64": {
      "version": "1.11.12",
      "resolved": "https://registry.npmjs.org/lefthook-darwin-arm64/-/lefthook-darwin-arm64-1.11.12.tgz",
      "integrity": "sha512-nB3rZVGoign6lhlbdfT1/knk4fV4Kx7kgbho8oSFcpw/o2qRQpLqmclCWUTtf+Pyj4vCzE7hiee/m+uQtvu19w==",
      "cpu": [
        "arm64"
      ],
      "dev": true,
      "optional": true,
      "os": [
        "darwin"
      ]
    },
    "node_modules/lefthook-darwin-x64": {
      "version": "1.11.12",
      "resolved": "https://registry.npmjs.org/lefthook-darwin-x64/-/lefthook-darwin-x64-1.11.12.tgz",
      "integrity": "sha512-ExNz8ctFRRaVz2wpvjmOtV4GeZcRdsAZwnZbmvlu1fMcJ6WtjAuR6fB0ybtcsc03/zBNrfShiq+VtZLkGv8Oeg==",
      "cpu": [
        "x64"
      ],
      "dev": true,
      "optional": true,
      "os": [
        "darwin"
      ]
    },
    "node_modules/lefthook-freebsd-arm64": {
      "version": "1.11.12",
      "resolved": "https://registry.npmjs.org/lefthook-freebsd-arm64/-/lefthook-freebsd-arm64-1.11.12.tgz",
      "integrity": "sha512-3Si6YJ8YLEMJ6TGsaBI2ni64XSrJX69N4gX7OKQp85IXeizPUEy7oorYAJCUaw5nMffRbIkzxNTjaMkcn4iwag==",
      "cpu": [
        "arm64"
      ],
      "dev": true,
      "optional": true,
      "os": [
        "freebsd"
      ]
    },
    "node_modules/lefthook-freebsd-x64": {
      "version": "1.11.12",
      "resolved": "https://registry.npmjs.org/lefthook-freebsd-x64/-/lefthook-freebsd-x64-1.11.12.tgz",
      "integrity": "sha512-J18MNYZKkVdHJ5K54MT8kxJ/W4TBUxD8aCi4e+Oliw8UXAiwaJSTGPkdY5P8aUlVYDknN2w+6I99Dxre6CJRFw==",
      "cpu": [
        "x64"
      ],
      "dev": true,
      "optional": true,
      "os": [
        "freebsd"
      ]
    },
    "node_modules/lefthook-linux-arm64": {
      "version": "1.11.12",
      "resolved": "https://registry.npmjs.org/lefthook-linux-arm64/-/lefthook-linux-arm64-1.11.12.tgz",
      "integrity": "sha512-oIWcj7mcHnFB4tcfz4dsZTnDTXIyF7cjCEqhDQTvqJQLbE1XRfjU0RzQdgSKrzdmXIcUFB+lmcgeRwJnKBEJ8Q==",
      "cpu": [
        "arm64"
      ],
      "dev": true,
      "optional": true,
      "os": [
        "linux"
      ]
    },
    "node_modules/lefthook-linux-x64": {
      "version": "1.11.12",
      "resolved": "https://registry.npmjs.org/lefthook-linux-x64/-/lefthook-linux-x64-1.11.12.tgz",
      "integrity": "sha512-sr9X5dW5dl9Fa3Kdk3x66DPGgCz/rykm+JHIyQGfnuvZnaeqkEaXgNubBaVGBbOimagXgtA5DwXc6D6fzUYALA==",
      "cpu": [
        "x64"
      ],
      "dev": true,
      "optional": true,
      "os": [
        "linux"
      ]
    },
    "node_modules/lefthook-openbsd-arm64": {
      "version": "1.11.12",
      "resolved": "https://registry.npmjs.org/lefthook-openbsd-arm64/-/lefthook-openbsd-arm64-1.11.12.tgz",
      "integrity": "sha512-4TuX8c/lwky1DSNIY6knIFlMIHQZrVBxh6O5vSTjOAjKv5YmIkNgeUlwcBD+SMru9tQBj7MvOpJSkVkaLK5hhQ==",
      "cpu": [
        "arm64"
      ],
      "dev": true,
      "optional": true,
      "os": [
        "openbsd"
      ]
    },
    "node_modules/lefthook-openbsd-x64": {
      "version": "1.11.12",
      "resolved": "https://registry.npmjs.org/lefthook-openbsd-x64/-/lefthook-openbsd-x64-1.11.12.tgz",
      "integrity": "sha512-Y/rPvyXtsIH+pxACfLHwxqc2Ahk+aExj8Izce3zXp75Wki5DH+6TXm5tWj5CgIuefL7CMqNFsOZCjEe1+SyM+w==",
      "cpu": [
        "x64"
      ],
      "dev": true,
      "optional": true,
      "os": [
        "openbsd"
      ]
    },
    "node_modules/lefthook-windows-arm64": {
      "version": "1.11.12",
      "resolved": "https://registry.npmjs.org/lefthook-windows-arm64/-/lefthook-windows-arm64-1.11.12.tgz",
      "integrity": "sha512-OJaElGktzsMrkmIpXBqwlc+eZx5kwxx+tJFByTXiW/rb8ttBwj0ueVyfo3lw/PqqlbMy73qc9Uj3CHYkaKsDKw==",
      "cpu": [
        "arm64"
      ],
      "dev": true,
      "optional": true,
      "os": [
        "win32"
      ]
    },
    "node_modules/lefthook-windows-x64": {
      "version": "1.11.12",
      "resolved": "https://registry.npmjs.org/lefthook-windows-x64/-/lefthook-windows-x64-1.11.12.tgz",
      "integrity": "sha512-ZhKsisibIcaG+rv9i7UJUgnuejI6mfaS5T3FreqsWt5vAsEIvLLNmZUA15MHPr99n+L4La1YQ2jTqie1kH57dA==",
      "cpu": [
        "x64"
      ],
      "dev": true,
      "optional": true,
      "os": [
        "win32"
      ]
    },
    "node_modules/libsodium-sumo": {
      "version": "0.7.15",
      "resolved": "https://registry.npmjs.org/libsodium-sumo/-/libsodium-sumo-0.7.15.tgz",
      "integrity": "sha512-5tPmqPmq8T8Nikpm1Nqj0hBHvsLFCXvdhBFV7SGOitQPZAA6jso8XoL0r4L7vmfKXr486fiQInvErHtEvizFMw=="
    },
    "node_modules/libsodium-wrappers-sumo": {
      "version": "0.7.15",
      "resolved": "https://registry.npmjs.org/libsodium-wrappers-sumo/-/libsodium-wrappers-sumo-0.7.15.tgz",
      "integrity": "sha512-aSWY8wKDZh5TC7rMvEdTHoyppVq/1dTSAeAR7H6pzd6QRT3vQWcT5pGwCotLcpPEOLXX6VvqihSPkpEhYAjANA==",
      "dependencies": {
        "libsodium-sumo": "^0.7.15"
      }
    },
    "node_modules/multibase": {
      "version": "4.0.6",
      "resolved": "https://registry.npmjs.org/multibase/-/multibase-4.0.6.tgz",
      "integrity": "sha512-x23pDe5+svdLz/k5JPGCVdfn7Q5mZVMBETiC+ORfO+sor9Sgs0smJzAjfTbM5tckeCqnaUuMYoz+k3RXMmJClQ==",
      "deprecated": "This module has been superseded by the multiformats module",
      "dependencies": {
        "@multiformats/base-x": "^4.0.1"
      },
      "engines": {
        "node": ">=12.0.0",
        "npm": ">=6.0.0"
      }
    },
    "node_modules/multiformats": {
      "version": "9.9.0",
      "resolved": "https://registry.npmjs.org/multiformats/-/multiformats-9.9.0.tgz",
      "integrity": "sha512-HoMUjhH9T8DDBNT+6xzkrd9ga/XiBI4xLr58LJACwK6G3HTOPeMz4nB4KJs33L2BelrIJa7P0VuNaVF3hMYfjg=="
    },
    "node_modules/paillier-bigint": {
      "version": "3.4.3",
      "resolved": "https://registry.npmjs.org/paillier-bigint/-/paillier-bigint-3.4.3.tgz",
      "integrity": "sha512-82otV7H/gBiQeYjsmc/Zo029GoJDnAFyoMWQMsUgfya50W8dYRVgvUR/lHO0yrS7MfMwgE8fCeEIBF0IucLYFw==",
      "dependencies": {
        "bigint-crypto-utils": "^3.3.0"
      },
      "engines": {
        "node": ">=12"
      }
    },
    "node_modules/typescript": {
      "version": "5.8.3",
      "resolved": "https://registry.npmjs.org/typescript/-/typescript-5.8.3.tgz",
      "integrity": "sha512-p1diW6TqL9L07nNxvRMM7hMMw4c5XOo/1ibL4aAIGmSAt9slTE1Xgw5KWuof2uTOvCg9BY7ZRi+GaF+7sfgPeQ==",
      "dev": true,
      "bin": {
        "tsc": "bin/tsc",
        "tsserver": "bin/tsserver"
      },
      "engines": {
        "node": ">=14.17"
      }
    },
    "node_modules/uint8arrays": {
      "version": "3.1.1",
      "resolved": "https://registry.npmjs.org/uint8arrays/-/uint8arrays-3.1.1.tgz",
      "integrity": "sha512-+QJa8QRnbdXVpHYjLoTpJIdCTiw9Ir62nocClWuXIq2JIh4Uta0cQsTSpFL678p2CN8B+XSApwcU+pQEqVpKWg==",
      "dependencies": {
        "multiformats": "^9.4.2"
      }
    },
    "node_modules/undici-types": {
      "version": "6.21.0",
      "resolved": "https://registry.npmjs.org/undici-types/-/undici-types-6.21.0.tgz",
      "integrity": "sha512-iwDZqg0QAGrg9Rav5H4n0M64c3mkR59cJ6wQp+7C4nI0gsmExaedaYLNO44eT4AtBBwjbTiGPMlt2Md0T9H9JQ==",
      "dev": true
    },
    "node_modules/uuid": {
      "version": "11.1.0",
      "resolved": "https://registry.npmjs.org/uuid/-/uuid-11.1.0.tgz",
      "integrity": "sha512-0/A9rDy9P7cJ+8w1c9WD9V//9Wj15Ce2MPz8Ri6032usz+NfePxx5AcN3bN+r6ZL6jEo066/yNYB3tn4pQEx+A==",
      "funding": [
        "https://github.com/sponsors/broofa",
        "https://github.com/sponsors/ctavan"
      ],
      "bin": {
        "uuid": "dist/esm/bin/uuid"
      }
    }
  }
}
