{
  "name": "examples",
  "version": "1.0.0",
  "lockfileVersion": 3,
  "requires": true,
  "packages": {
    "": {
      "name": "examples",
      "version": "1.0.0",
      "license": "AGPL-version-3.0",
      "dependencies": {
        "dotenv": "^16.4.7",
        "secretvaults": "file:.."
      },
      "engines": {
        "node": ">=20"
      }
    },
    "..": {
      "name": "secretvaults",
      "version": "0.0.0-alpha.3",
      "license": "MIT",
      "dependencies": {
        "@nillion/nilql": "^0.0.0-alpha.14",
        "did-jwt": "^8.0.6",
        "dotenv": "^16.4.7",
        "uuid": "^11.0.5"
      },
      "devDependencies": {
        "@biomejs/biome": "1.9.4",
        "@types/node": "^22.14.0",
        "lefthook": "^1.11.11",
        "typescript": "^5.8.2"
      }
    },
    "node_modules/dotenv": {
      "version": "16.4.7",
      "resolved": "https://registry.npmjs.org/dotenv/-/dotenv-16.4.7.tgz",
      "integrity": "sha512-47qPchRCykZC03FhkYAhrvwU4xDBFIj1QPqaarj6mdM/hgUzfPHcpkHJOn3mJAufFeeAxAzeGsr5X0M4k6fLZQ==",
      "engines": {
        "node": ">=12"
      },
      "funding": {
        "url": "https://dotenvx.com"
      }
    },
    "node_modules/secretvaults": {
      "resolved": "..",
      "link": true
    }
  }
}
